
Microsoft Visual Studio Solution File, Format Version 12.00
# Visual Studio 14
VisualStudioVersion = 14.0.25420.1
MinimumVisualStudioVersion = 10.0.40219.1
Project("{FAE04EC0-301F-11D3-BF4B-00C04F79EFBC}") = "Web", "Web\Web.csproj", "{52644DCD-463D-4227-9B88-955FACABE65E}"
EndProject
Project("{FAE04EC0-301F-11D3-BF4B-00C04F79EFBC}") = "Data", "Data\Data.csproj", "{C435C7DB-1419-471B-BE24-8C6C3C71107B}"
EndProject
Project("{FAE04EC0-301F-11D3-BF4B-00C04F79EFBC}") = "DatabaseConfigurator", "DatabaseConfigurator\DatabaseConfigurator.csproj", "{5F2E3733-0C7B-4033-92C0-2E9020C44B59}"
EndProject
Project("{FAE04EC0-301F-11D3-BF4B-00C04F79EFBC}") = "Data.Shoppers", "Data.Shoppers\Data.Shoppers.csproj", "{88F41BBA-FF6F-4A8D-82AC-6A16868702E9}"
EndProject
Project("{FAE04EC0-301F-11D3-BF4B-00C04F79EFBC}") = "Tester", "Tester\Tester.csproj", "{8290D32F-D6E5-485C-B15F-33EA645814CE}"
EndProject
Project("{FAE04EC0-301F-11D3-BF4B-00C04F79EFBC}") = "ShardUtilities", "ShardUtilities\ShardUtilities.csproj", "{5DF1C8E8-8208-44A0-83D1-7BE4E64BA596}"
EndProject
Project("{2150E333-8FDC-42A3-9474-1A3956D46DE8}") = "VerticalScale", "VerticalScale", "{73110E39-8A92-4728-A038-94F9D4245486}"
EndProject
Project("{FAE04EC0-301F-11D3-BF4B-00C04F79EFBC}") = "VerticalScaleSqlDatabase", "VerticalScale\VerticalScaleSqlDatabase\VerticalScaleSqlDatabase.csproj", "{FF83DFEF-F69E-4642-A196-BAF3208C9BAD}"
EndProject
Global
	GlobalSection(SolutionConfigurationPlatforms) = preSolution
		Debug|Any CPU = Debug|Any CPU
		Release|Any CPU = Release|Any CPU
	EndGlobalSection
	GlobalSection(ProjectConfigurationPlatforms) = postSolution
		{52644DCD-463D-4227-9B88-955FACABE65E}.Debug|Any CPU.ActiveCfg = Debug|Any CPU
		{52644DCD-463D-4227-9B88-955FACABE65E}.Debug|Any CPU.Build.0 = Debug|Any CPU
		{52644DCD-463D-4227-9B88-955FACABE65E}.Release|Any CPU.ActiveCfg = Release|Any CPU
		{52644DCD-463D-4227-9B88-955FACABE65E}.Release|Any CPU.Build.0 = Release|Any CPU
		{C435C7DB-1419-471B-BE24-8C6C3C71107B}.Debug|Any CPU.ActiveCfg = Debug|Any CPU
		{C435C7DB-1419-471B-BE24-8C6C3C71107B}.Debug|Any CPU.Build.0 = Debug|Any CPU
		{C435C7DB-1419-471B-BE24-8C6C3C71107B}.Release|Any CPU.ActiveCfg = Release|Any CPU
		{C435C7DB-1419-471B-BE24-8C6C3C71107B}.Release|Any CPU.Build.0 = Release|Any CPU
		{5F2E3733-0C7B-4033-92C0-2E9020C44B59}.Debug|Any CPU.ActiveCfg = Debug|Any CPU
		{5F2E3733-0C7B-4033-92C0-2E9020C44B59}.Debug|Any CPU.Build.0 = Debug|Any CPU
		{5F2E3733-0C7B-4033-92C0-2E9020C44B59}.Release|Any CPU.ActiveCfg = Release|Any CPU
		{5F2E3733-0C7B-4033-92C0-2E9020C44B59}.Release|Any CPU.Build.0 = Release|Any CPU
		{88F41BBA-FF6F-4A8D-82AC-6A16868702E9}.Debug|Any CPU.ActiveCfg = Debug|Any CPU
		{88F41BBA-FF6F-4A8D-82AC-6A16868702E9}.Debug|Any CPU.Build.0 = Debug|Any CPU
		{88F41BBA-FF6F-4A8D-82AC-6A16868702E9}.Release|Any CPU.ActiveCfg = Release|Any CPU
		{88F41BBA-FF6F-4A8D-82AC-6A16868702E9}.Release|Any CPU.Build.0 = Release|Any CPU
		{8290D32F-D6E5-485C-B15F-33EA645814CE}.Debug|Any CPU.ActiveCfg = Debug|Any CPU
		{8290D32F-D6E5-485C-B15F-33EA645814CE}.Debug|Any CPU.Build.0 = Debug|Any CPU
		{8290D32F-D6E5-485C-B15F-33EA645814CE}.Release|Any CPU.ActiveCfg = Release|Any CPU
		{8290D32F-D6E5-485C-B15F-33EA645814CE}.Release|Any CPU.Build.0 = Release|Any CPU
		{5DF1C8E8-8208-44A0-83D1-7BE4E64BA596}.Debug|Any CPU.ActiveCfg = Debug|Any CPU
		{5DF1C8E8-8208-44A0-83D1-7BE4E64BA596}.Debug|Any CPU.Build.0 = Debug|Any CPU
		{5DF1C8E8-8208-44A0-83D1-7BE4E64BA596}.Release|Any CPU.ActiveCfg = Release|Any CPU
		{5DF1C8E8-8208-44A0-83D1-7BE4E64BA596}.Release|Any CPU.Build.0 = Release|Any CPU
		{FF83DFEF-F69E-4642-A196-BAF3208C9BAD}.Debug|Any CPU.ActiveCfg = Debug|Any CPU
		{FF83DFEF-F69E-4642-A196-BAF3208C9BAD}.Debug|Any CPU.Build.0 = Debug|Any CPU
		{FF83DFEF-F69E-4642-A196-BAF3208C9BAD}.Release|Any CPU.ActiveCfg = Release|Any CPU
		{FF83DFEF-F69E-4642-A196-BAF3208C9BAD}.Release|Any CPU.Build.0 = Release|Any CPU
	EndGlobalSection
	GlobalSection(SolutionProperties) = preSolution
		HideSolutionNode = FALSE
	EndGlobalSection
	GlobalSection(NestedProjects) = preSolution
		{FF83DFEF-F69E-4642-A196-BAF3208C9BAD} = {73110E39-8A92-4728-A038-94F9D4245486}
	EndGlobalSection
	GlobalSection(ExtensibilityGlobals) = postSolution
		EnterpriseLibraryConfigurationToolBinariesPathV6 = packages\EnterpriseLibrary.TransientFaultHandling.6.0.1304.0\lib\portable-net45+win+wp8;packages\EnterpriseLibrary.TransientFaultHandling.Data.6.0.1304.1\lib\NET45
	EndGlobalSection
EndGlobal
